github.com/gokrazy/gokrazy v0.0.0-20231231104055-43fde1dc2fc7 h1:fh5qUJKxdPX3hU7R1TRWul+HY2OSSQ0wvcSYeGqpw6Y=
github.com/gokrazy/gokrazy v0.0.0-20231231104055-43fde1dc2fc7/go.mod h1:FOTcHsN9okcM6wLX58MC33A8i5U3AI+sYD5wsuWee1U=
github.com/gokrazy/internal v0.0.0-20220129150711-9ed298107648 h1:kBuLicM0xJw3xEe4607WlnzGL+qSwPqdyh5/LUiCdq0=
github.com/gokrazy/internal v0.0.0-20220129150711-9ed298107648/go.mod h1:Gc9sU6yJ/qxg3gJZ1pjfcTAULa0swdTa4TH51g1e00E=
github.com/gokrazy/nsenter v0.0.0-20220406065052-b86e140634b9 h1:J2JZdATV2jYf96noYRGqW64D21mKfmuTQBB/HrEM+0g=
github.com/gokrazy/nsenter v0.0.0-20220406065052-b86e140634b9/go.mod h1:5VZ5LjZ7mBZjroZzqnO55rWi8FzFKoS/qEUGgdfQ7G0=
github.com/google/renameio/v2 v2.0.0 h1:UifI23ZTGY8Tt29JbYFiuyIU3eX+RNFtUwefq9qAhxg=
github.com/google/renameio/v2 v2.0.0/go.mod h1:BtmJXm5YlszgC+TD4HOEEUFgkJP3nLxehU6hfe7jRt4=
github.com/kenshaw/evdev v0.1.0 h1:wmtceEOFfilChgdNT+c/djPJ2JineVsQ0N14kGzFRUo=
github.com/kenshaw/evdev v0.1.0/go.mod h1:B/fErKCihUyEobz0mjn2qQbHgyJKFQAxkXSvkeeA/Wo=
github.com/mdlayher/watchdog v0.0.0-20201005150459-8bdc4f41966b h1:7tUBfsEEBWfFeHOB7CUfoOamak+Gx/BlirfXyPk1WjI=
github.com/mdlayher/watchdog v0.0.0-20201005150459-8bdc4f41966b/go.mod h1:bmoJUS6qOA3uKFvF3KVuhf7mU1KQirzQMeHXtPyKEqg=
golang.org/x/sys v0.13.0 h1:Af8nKPmuFypiUBjVoU9V20FiaFXOcuZI21p0ycVYYGE=
golang.org/x/sys v0.13.0/go.mod h1:oPkhp1MJrh7nUepCBck5+mAzfO9JrbApNNgaTdGDITg=
