github.com/gokrazy/gokrazy v0.0.0-20200525165608-c2116a79ed31 h1:QvktgbhMQ6LBlJNw6VCGUPegmqd3/92rqytwcyjaTp0=
github.com/gokrazy/gokrazy v0.0.0-20200525165608-c2116a79ed31/go.mod h1:pq6rGHqxMRPSaTXaCMzIZy0wLDusAJyoVNyNo05RLs0=
github.com/gokrazy/internal v0.0.0-20200527063429-7e4057347a0f h1:7XojstPtQ87IJ9VZbFuKP7tFQDo1DXZU9WNx6IHS+5A=
github.com/gokrazy/internal v0.0.0-20200527063429-7e4057347a0f/go.mod h1:LA5TQy7LcvYGQOy75tkrYkFUhbV2nl5qEBP47PSi2JA=
github.com/gokrazy/wifi v0.0.0-20230315194431-f611656338b6 h1:lrdcTX0cUOST/VKVVaX1ns/klSjva5e1z1ZDaabiSyo=
github.com/gokrazy/wifi v0.0.0-20230315194431-f611656338b6/go.mod h1:teQJ3KJbtjUOJjdYKaEkz6A4kr6KoF9x9Qm+60XCI94=
github.com/josharian/native v1.0.0 h1:Ts/E8zCSEsG17dUqv7joXJFybuMLjQfWE04tsBODTxk=
github.com/josharian/native v1.0.0/go.mod h1:7X/raswPFr05uY3HiLlYeyQntB6OO7E/d2Cu7qoaN2w=
github.com/mdlayher/genetlink v1.2.0 h1:4yrIkRV5Wfk1WfpWTcoOlGmsWgQj3OtQN9ZsbrE+XtU=
github.com/mdlayher/genetlink v1.2.0/go.mod h1:ra5LDov2KrUCZJiAtEvXXZBxGMInICMXIwshlJ+qRxQ=
github.com/mdlayher/netlink v1.6.0 h1:rOHX5yl7qnlpiVkFWoqccueppMtXzeziFjWAjLg6sz0=
github.com/mdlayher/netlink v1.6.0/go.mod h1:0o3PlBmGst1xve7wQ7j/hwpNaFaH4qCRyWCdcZk8/vA=
github.com/mdlayher/socket v0.2.3 h1:XZA2X2TjdOwNoNPVPclRCURoX/hokBY8nkTmRZFEheM=
github.com/mdlayher/socket v0.2.3/go.mod h1:bz12/FozYNH/VbvC3q7TRIK/Y6dH1kCKsXaUeXi/FmY=
github.com/mdlayher/wifi v0.0.0-20220330172155-a44c70b6d3c8 h1:/HCRFfpoICSWHvNrJ356VO4opd9dg/LaU7m8Tzdf39c=
github.com/mdlayher/wifi v0.0.0-20220330172155-a44c70b6d3c8/go.mod h1:IqdtNfemiXr50M8tnxLWSFdZKZ9vcI1Mgt0oTrCIS7A=
golang.org/x/crypto v0.0.0-20220315160706-3147a52a75dd h1:XcWmESyNjXJMLahc3mqVQJcgSTDxFxhETVlfk9uGc38=
golang.org/x/crypto v0.0.0-20220315160706-3147a52a75dd/go.mod h1:IxCIyHEi3zRg3s0A5j5BB6A9Jmi73HwBIUl50j+osU4=
golang.org/x/net v0.0.0-20220225172249-27dd8689420f h1:oA4XRj0qtSt8Yo1Zms0CUlsT3KG69V2UGQWPBxujDmc=
golang.org/x/net v0.0.0-20220225172249-27dd8689420f/go.mod h1:CfG3xpIq0wQ8r1q4Su4UZFWDARRcnwPjda9FqA0JpMk=
golang.org/x/sync v0.0.0-20210220032951-036812b2e83c h1:5KslGYwFpkhGh+Q16bwMP3cOontH8FOep7tGV86Y7SQ=
golang.org/x/sync v0.0.0-20210220032951-036812b2e83c/go.mod h1:RxMgew5VJxzue5/jJTE5uejpjVlOe/izrB70Jof72aM=
golang.org/x/sys v0.0.0-20220319134239-a9b59b0215f8 h1:OH54vjqzRWmbJ62fjuhxy7AxFFgoHN0/DPc/UrL8cAs=
golang.org/x/sys v0.0.0-20220319134239-a9b59b0215f8/go.mod h1:oPkhp1MJrh7nUepCBck5+mAzfO9JrbApNNgaTdGDITg=
